<?xml version="1.0" encoding="utf-8"?>
<Project ToolsVersion="4.0" xmlns="http://schemas.microsoft.com/developer/msbuild/2003">
  <ItemGroup>
    <Filter Include="Исходные файлы">
      <UniqueIdentifier>{4FC737F1-C7A5-4376-A066-2A32D752A2FF}</UniqueIdentifier>
      <Extensions>cpp;c;cc;cxx;c++;cppm;ixx;def;odl;idl;hpj;bat;asm;asmx</Extensions>
    </Filter>
    <Filter Include="Файлы заголовков">
      <UniqueIdentifier>{93995380-89BD-4b04-88EB-625FBE52EBFB}</UniqueIdentifier>
      <Extensions>h;hh;hpp;hxx;h++;hm;inl;inc;ipp;xsd</Extensions>
    </Filter>
    <Filter Include="Файлы ресурсов">
      <UniqueIdentifier>{67DA6AB6-F800-4c08-8B7A-83BB121AAD01}</UniqueIdentifier>
      <Extensions>rc;ico;cur;bmp;dlg;rc2;rct;bin;rgs;gif;jpg;jpeg;jpe;resx;tiff;tif;png;wav;mfcribbon-ms</Extensions>
    </Filter>
    <Filter Include="Исходные файлы\signal">
      <UniqueIdentifier>{f3f72f5c-9123-4d3a-8d17-13d63ed0cacb}</UniqueIdentifier>
    </Filter>
    <Filter Include="Исходные файлы\cook">
      <UniqueIdentifier>{134023d4-c147-4e10-88ad-0df819eee9bd}</UniqueIdentifier>
    </Filter>
    <Filter Include="Исходные файлы\include_c">
      <UniqueIdentifier>{12022c17-9804-428f-8daa-9c846a36ef9e}</UniqueIdentifier>
    </Filter>
    <Filter Include="Исходные файлы\хлам">
      <UniqueIdentifier>{21081d0c-06f8-4f72-99d6-bc7397549264}</UniqueIdentifier>
    </Filter>
    <Filter Include="Исходные файлы\harmonic_c">
      <UniqueIdentifier>{0a10d4e0-ddf3-415d-92e1-864dccc373f1}</UniqueIdentifier>
    </Filter>
    <Filter Include="Исходные файлы\harmonic_c\include">
      <UniqueIdentifier>{2881ef2c-7c5e-4d49-a8d2-9db1594852c5}</UniqueIdentifier>
    </Filter>
    <Filter Include="Исходные файлы\harmonic">
      <UniqueIdentifier>{93ba2095-0696-4e62-902c-bd357635ed8a}</UniqueIdentifier>
    </Filter>
  </ItemGroup>
  <ItemGroup>
    <ClCompile Include="math.cpp">
      <Filter>Исходные файлы</Filter>
    </ClCompile>
    <ClCompile Include="filter.cpp">
      <Filter>Исходные файлы\signal</Filter>
    </ClCompile>
    <ClCompile Include="main.c">
      <Filter>Исходные файлы</Filter>
    </ClCompile>
    <ClCompile Include="harmonic_c.c">
      <Filter>Исходные файлы\harmonic_c</Filter>
    </ClCompile>
    <ClCompile Include="vector.cpp">
      <Filter>Исходные файлы\хлам</Filter>
    </ClCompile>
    <ClCompile Include="avx_suppor.cpp">
      <Filter>Исходные файлы\хлам</Filter>
    </ClCompile>
    <ClCompile Include="nf.cpp">
      <Filter>Исходные файлы\хлам</Filter>
    </ClCompile>
    <ClCompile Include="ni.cpp">
      <Filter>Исходные файлы\хлам</Filter>
    </ClCompile>
    <ClCompile Include="nui.cpp">
      <Filter>Исходные файлы\хлам</Filter>
    </ClCompile>
    <ClCompile Include="per.cpp">
      <Filter>Исходные файлы\хлам</Filter>
    </ClCompile>
    <ClCompile Include="хлам\avx_suppor.cpp">
      <Filter>Исходные файлы\хлам</Filter>
    </ClCompile>
    <ClCompile Include="хлам\filter.cpp">
      <Filter>Исходные файлы\хлам</Filter>
    </ClCompile>
    <ClCompile Include="func.cpp">
      <Filter>Исходные файлы\хлам</Filter>
    </ClCompile>
    <ClCompile Include="хлам\func.cpp">
      <Filter>Исходные файлы\хлам</Filter>
    </ClCompile>
    <ClCompile Include="хлам\harmonic.cpp">
      <Filter>Исходные файлы\хлам</Filter>
    </ClCompile>
    <ClCompile Include="interpol.cpp">
      <Filter>Исходные файлы\хлам</Filter>
    </ClCompile>
    <ClCompile Include="хлам\interpol.cpp">
      <Filter>Исходные файлы\хлам</Filter>
    </ClCompile>
    <ClCompile Include="хлам\vector_c.c">
      <Filter>Исходные файлы\хлам</Filter>
    </ClCompile>
    <ClCompile Include="хлам\nf.cpp">
      <Filter>Исходные файлы\хлам</Filter>
    </ClCompile>
    <ClCompile Include="хлам\ni.cpp">
      <Filter>Исходные файлы\хлам</Filter>
    </ClCompile>
    <ClCompile Include="хлам\nui.cpp">
      <Filter>Исходные файлы\хлам</Filter>
    </ClCompile>
    <ClCompile Include="parser.cpp">
      <Filter>Исходные файлы\хлам</Filter>
    </ClCompile>
    <ClCompile Include="хлам\parser.cpp">
      <Filter>Исходные файлы\хлам</Filter>
    </ClCompile>
    <ClCompile Include="хлам\per.cpp">
      <Filter>Исходные файлы\хлам</Filter>
    </ClCompile>
    <ClCompile Include="хлам\signal.cpp">
      <Filter>Исходные файлы\хлам</Filter>
    </ClCompile>
    <ClCompile Include="val.cpp">
      <Filter>Исходные файлы\хлам</Filter>
    </ClCompile>
    <ClCompile Include="хлам\val.cpp">
      <Filter>Исходные файлы\хлам</Filter>
    </ClCompile>
    <ClCompile Include="val.h">
      <Filter>Исходные файлы\хлам</Filter>
    </ClCompile>
    <ClCompile Include="хлам\vector.cpp">
      <Filter>Исходные файлы\хлам</Filter>
    </ClCompile>
    <ClCompile Include="vector_c.c">
      <Filter>Исходные файлы\хлам</Filter>
    </ClCompile>
    <ClCompile Include="harmonic\harmonic_c.c">
      <Filter>Исходные файлы\harmonic</Filter>
    </ClCompile>
    <ClCompile Include="harmonic\harmonic_c_main.c">
      <Filter>Исходные файлы\harmonic</Filter>
    </ClCompile>
  </ItemGroup>
  <ItemGroup>
    <Text Include="CMakeLists.txt" />
  </ItemGroup>
  <ItemGroup>
    <None Include="setup.py" />
  </ItemGroup>
  <ItemGroup>
    <ClInclude Include="filter.h">
      <Filter>Исходные файлы\signal</Filter>
    </ClInclude>
    <ClInclude Include="struct.h">
      <Filter>Исходные файлы\include_c</Filter>
    </ClInclude>
    <ClInclude Include="vector.h">
      <Filter>Исходные файлы\хлам</Filter>
    </ClInclude>
    <ClInclude Include="per.h">
      <Filter>Исходные файлы\хлам</Filter>
    </ClInclude>
    <ClInclude Include="avx_support.h">
      <Filter>Исходные файлы\хлам</Filter>
    </ClInclude>
    <ClInclude Include="nf.h">
      <Filter>Исходные файлы\хлам</Filter>
    </ClInclude>
    <ClInclude Include="ni.h">
      <Filter>Исходные файлы\хлам</Filter>
    </ClInclude>
    <ClInclude Include="nui.h">
      <Filter>Исходные файлы\хлам</Filter>
    </ClInclude>
    <ClInclude Include="func.h">
      <Filter>Исходные файлы\хлам</Filter>
    </ClInclude>
    <ClInclude Include="хлам\avx_support.h">
      <Filter>Исходные файлы\хлам</Filter>
    </ClInclude>
    <ClInclude Include="хлам\filter.h">
      <Filter>Исходные файлы\хлам</Filter>
    </ClInclude>
    <ClInclude Include="хлам\func.h">
      <Filter>Исходные файлы\хлам</Filter>
    </ClInclude>
    <ClInclude Include="interpol.h">
      <Filter>Исходные файлы\хлам</Filter>
    </ClInclude>
    <ClInclude Include="хлам\interpol.h">
      <Filter>Исходные файлы\хлам</Filter>
    </ClInclude>
    <ClInclude Include="хлам\nf.h">
      <Filter>Исходные файлы\хлам</Filter>
    </ClInclude>
    <ClInclude Include="хлам\ni.h">
      <Filter>Исходные файлы\хлам</Filter>
    </ClInclude>
    <ClInclude Include="хлам\nui.h">
      <Filter>Исходные файлы\хлам</Filter>
    </ClInclude>
    <ClInclude Include="parser.h">
      <Filter>Исходные файлы\хлам</Filter>
    </ClInclude>
    <ClInclude Include="хлам\parser.h">
      <Filter>Исходные файлы\хлам</Filter>
    </ClInclude>
    <ClInclude Include="хлам\per.h">
      <Filter>Исходные файлы\хлам</Filter>
    </ClInclude>
    <ClInclude Include="хлам\val.h">
      <Filter>Исходные файлы\хлам</Filter>
    </ClInclude>
    <ClInclude Include="хлам\vector.h">
      <Filter>Исходные файлы\хлам</Filter>
    </ClInclude>
    <ClInclude Include="vector_c.h">
      <Filter>Исходные файлы\хлам</Filter>
    </ClInclude>
    <ClInclude Include="хлам\vector_c.h">
      <Filter>Исходные файлы\хлам</Filter>
    </ClInclude>
    <ClInclude Include="matan.h">
      <Filter>Файлы заголовков</Filter>
    </ClInclude>
    <ClInclude Include="harmonic_c.h">
      <Filter>Исходные файлы\harmonic_c\include</Filter>
    </ClInclude>
    <ClInclude Include="harmonic_c_main.h">
      <Filter>Исходные файлы</Filter>
    </ClInclude>
    <ClInclude Include="harmonic\harmonic_c.h">
      <Filter>Исходные файлы</Filter>
    </ClInclude>
    <ClInclude Include="harmonic\harmonic_c_main.h">
      <Filter>Исходные файлы</Filter>
    </ClInclude>
    <ClInclude Include="harmonic\harmonic_py.h">
      <Filter>Исходные файлы</Filter>
    </ClInclude>
  </ItemGroup>
</Project>