<?xml version="1.0" encoding="utf-8"?>
<Project ToolsVersion="4.0" xmlns="http://schemas.microsoft.com/developer/msbuild/2003">
  <ItemGroup>
    <Filter Include="Исходные файлы">
      <UniqueIdentifier>{4FC737F1-C7A5-4376-A066-2A32D752A2FF}</UniqueIdentifier>
      <Extensions>cpp;c;cc;cxx;c++;cppm;ixx;def;odl;idl;hpj;bat;asm;asmx</Extensions>
    </Filter>
    <Filter Include="Файлы заголовков">
      <UniqueIdentifier>{93995380-89BD-4b04-88EB-625FBE52EBFB}</UniqueIdentifier>
      <Extensions>h;hh;hpp;hxx;h++;hm;inl;inc;ipp;xsd</Extensions>
    </Filter>
    <Filter Include="Файлы ресурсов">
      <UniqueIdentifier>{67DA6AB6-F800-4c08-8B7A-83BB121AAD01}</UniqueIdentifier>
      <Extensions>rc;ico;cur;bmp;dlg;rc2;rct;bin;rgs;gif;jpg;jpeg;jpe;resx;tiff;tif;png;wav;mfcribbon-ms</Extensions>
    </Filter>
    <Filter Include="Исходные файлы\matan">
      <UniqueIdentifier>{30fe0dba-246d-4e0e-8868-027007fab3dc}</UniqueIdentifier>
    </Filter>
    <Filter Include="Исходные файлы\object">
      <UniqueIdentifier>{0d4560f0-38ff-491d-8e19-0b6f68cb6650}</UniqueIdentifier>
    </Filter>
    <Filter Include="Исходные файлы\signal">
      <UniqueIdentifier>{f3f72f5c-9123-4d3a-8d17-13d63ed0cacb}</UniqueIdentifier>
    </Filter>
  </ItemGroup>
  <ItemGroup>
    <ClCompile Include="math.cpp">
      <Filter>Исходные файлы</Filter>
    </ClCompile>
    <ClCompile Include="interpol.cpp">
      <Filter>Исходные файлы</Filter>
    </ClCompile>
    <ClCompile Include="parser.cpp">
      <Filter>Исходные файлы</Filter>
    </ClCompile>
    <ClCompile Include="harmonic.cpp">
      <Filter>Исходные файлы\matan</Filter>
    </ClCompile>
    <ClCompile Include="val.h">
      <Filter>Исходные файлы</Filter>
    </ClCompile>
    <ClCompile Include="vector.cpp">
      <Filter>Исходные файлы\object</Filter>
    </ClCompile>
    <ClCompile Include="val.cpp">
      <Filter>Исходные файлы</Filter>
    </ClCompile>
    <ClCompile Include="func.cpp">
      <Filter>Исходные файлы</Filter>
    </ClCompile>
    <ClCompile Include="avx_suppor.cpp">
      <Filter>Исходные файлы\object</Filter>
    </ClCompile>
    <ClCompile Include="filter.cpp">
      <Filter>Исходные файлы\signal</Filter>
    </ClCompile>
  </ItemGroup>
  <ItemGroup>
    <Text Include="CMakeLists.txt" />
  </ItemGroup>
  <ItemGroup>
    <None Include="setup.py" />
  </ItemGroup>
  <ItemGroup>
    <ClInclude Include="interpol.h">
      <Filter>Файлы заголовков</Filter>
    </ClInclude>
    <ClInclude Include="parser.h">
      <Filter>Файлы заголовков</Filter>
    </ClInclude>
    <ClInclude Include="harmonic.h">
      <Filter>Исходные файлы\matan</Filter>
    </ClInclude>
    <ClInclude Include="vector.h">
      <Filter>Исходные файлы\object</Filter>
    </ClInclude>
    <ClInclude Include="func.h">
      <Filter>Исходные файлы</Filter>
    </ClInclude>
    <ClInclude Include="avx_support.h">
      <Filter>Исходные файлы\object</Filter>
    </ClInclude>
    <ClInclude Include="filter.h">
      <Filter>Исходные файлы\signal</Filter>
    </ClInclude>
  </ItemGroup>
</Project>