<?xml version="1.0" encoding="utf-8"?>
<Project ToolsVersion="4.0" xmlns="http://schemas.microsoft.com/developer/msbuild/2003">
  <ItemGroup>
    <Filter Include="Исходные файлы">
      <UniqueIdentifier>{4FC737F1-C7A5-4376-A066-2A32D752A2FF}</UniqueIdentifier>
      <Extensions>cpp;c;cc;cxx;c++;cppm;ixx;def;odl;idl;hpj;bat;asm;asmx</Extensions>
    </Filter>
    <Filter Include="Файлы заголовков">
      <UniqueIdentifier>{93995380-89BD-4b04-88EB-625FBE52EBFB}</UniqueIdentifier>
      <Extensions>h;hh;hpp;hxx;h++;hm;inl;inc;ipp;xsd</Extensions>
    </Filter>
    <Filter Include="Файлы ресурсов">
      <UniqueIdentifier>{67DA6AB6-F800-4c08-8B7A-83BB121AAD01}</UniqueIdentifier>
      <Extensions>rc;ico;cur;bmp;dlg;rc2;rct;bin;rgs;gif;jpg;jpeg;jpe;resx;tiff;tif;png;wav;mfcribbon-ms</Extensions>
    </Filter>
    <Filter Include="Исходные файлы\matan">
      <UniqueIdentifier>{30fe0dba-246d-4e0e-8868-027007fab3dc}</UniqueIdentifier>
    </Filter>
    <Filter Include="Исходные файлы\object">
      <UniqueIdentifier>{0d4560f0-38ff-491d-8e19-0b6f68cb6650}</UniqueIdentifier>
    </Filter>
    <Filter Include="Исходные файлы\signal">
      <UniqueIdentifier>{f3f72f5c-9123-4d3a-8d17-13d63ed0cacb}</UniqueIdentifier>
    </Filter>
    <Filter Include="Исходные файлы\cook">
      <UniqueIdentifier>{134023d4-c147-4e10-88ad-0df819eee9bd}</UniqueIdentifier>
    </Filter>
  </ItemGroup>
  <ItemGroup>
    <ClCompile Include="math.cpp">
      <Filter>Исходные файлы</Filter>
    </ClCompile>
    <ClCompile Include="interpol.cpp">
      <Filter>Исходные файлы</Filter>
    </ClCompile>
    <ClCompile Include="parser.cpp">
      <Filter>Исходные файлы</Filter>
    </ClCompile>
    <ClCompile Include="harmonic.cpp">
      <Filter>Исходные файлы\matan</Filter>
    </ClCompile>
    <ClCompile Include="val.h">
      <Filter>Исходные файлы</Filter>
    </ClCompile>
    <ClCompile Include="vector.cpp">
      <Filter>Исходные файлы\object</Filter>
    </ClCompile>
    <ClCompile Include="val.cpp">
      <Filter>Исходные файлы</Filter>
    </ClCompile>
    <ClCompile Include="func.cpp">
      <Filter>Исходные файлы</Filter>
    </ClCompile>
    <ClCompile Include="avx_suppor.cpp">
      <Filter>Исходные файлы\object</Filter>
    </ClCompile>
    <ClCompile Include="filter.cpp">
      <Filter>Исходные файлы\signal</Filter>
    </ClCompile>
    <ClCompile Include="per.cpp">
      <Filter>Исходные файлы\object</Filter>
    </ClCompile>
    <ClCompile Include="ni.cpp">
      <Filter>Исходные файлы\object</Filter>
    </ClCompile>
    <ClCompile Include="nf.cpp">
      <Filter>Исходные файлы\object</Filter>
    </ClCompile>
    <ClCompile Include="nui.cpp">
      <Filter>Исходные файлы\object</Filter>
    </ClCompile>
    <ClCompile Include="src\frexp.c">
      <Filter>Исходные файлы\cook</Filter>
    </ClCompile>
    <ClCompile Include="src\abort_prec_max.c">
      <Filter>Исходные файлы\cook</Filter>
    </ClCompile>
    <ClCompile Include="src\acos.c">
      <Filter>Исходные файлы\cook</Filter>
    </ClCompile>
    <ClCompile Include="src\acosh.c">
      <Filter>Исходные файлы\cook</Filter>
    </ClCompile>
    <ClCompile Include="src\acosu.c">
      <Filter>Исходные файлы\cook</Filter>
    </ClCompile>
    <ClCompile Include="src\add.c">
      <Filter>Исходные файлы\cook</Filter>
    </ClCompile>
    <ClCompile Include="src\add_d.c">
      <Filter>Исходные файлы\cook</Filter>
    </ClCompile>
    <ClCompile Include="src\add_ui.c">
      <Filter>Исходные файлы\cook</Filter>
    </ClCompile>
    <ClCompile Include="src\add1.c">
      <Filter>Исходные файлы\cook</Filter>
    </ClCompile>
    <ClCompile Include="src\add1sp.c">
      <Filter>Исходные файлы\cook</Filter>
    </ClCompile>
    <ClCompile Include="src\add1sp1_extracted.c">
      <Filter>Исходные файлы\cook</Filter>
    </ClCompile>
    <ClCompile Include="src\agm.c">
      <Filter>Исходные файлы\cook</Filter>
    </ClCompile>
    <ClCompile Include="src\ai.c">
      <Filter>Исходные файлы\cook</Filter>
    </ClCompile>
    <ClCompile Include="src\asin.c">
      <Filter>Исходные файлы\cook</Filter>
    </ClCompile>
    <ClCompile Include="src\asinh.c">
      <Filter>Исходные файлы\cook</Filter>
    </ClCompile>
    <ClCompile Include="src\asinu.c">
      <Filter>Исходные файлы\cook</Filter>
    </ClCompile>
    <ClCompile Include="src\atan.c">
      <Filter>Исходные файлы\cook</Filter>
    </ClCompile>
    <ClCompile Include="src\atan2.c">
      <Filter>Исходные файлы\cook</Filter>
    </ClCompile>
    <ClCompile Include="src\atan2u.c">
      <Filter>Исходные файлы\cook</Filter>
    </ClCompile>
    <ClCompile Include="src\atanh.c">
      <Filter>Исходные файлы\cook</Filter>
    </ClCompile>
    <ClCompile Include="src\atanu.c">
      <Filter>Исходные файлы\cook</Filter>
    </ClCompile>
    <ClCompile Include="src\bernoulli.c">
      <Filter>Исходные файлы\cook</Filter>
    </ClCompile>
    <ClCompile Include="src\beta.c">
      <Filter>Исходные файлы\cook</Filter>
    </ClCompile>
    <ClCompile Include="src\buildopt.c">
      <Filter>Исходные файлы\cook</Filter>
    </ClCompile>
    <ClCompile Include="src\cache.c">
      <Filter>Исходные файлы\cook</Filter>
    </ClCompile>
    <ClCompile Include="src\cbrt.c">
      <Filter>Исходные файлы\cook</Filter>
    </ClCompile>
    <ClCompile Include="src\check.c">
      <Filter>Исходные файлы\cook</Filter>
    </ClCompile>
    <ClCompile Include="src\clear.c">
      <Filter>Исходные файлы\cook</Filter>
    </ClCompile>
    <ClCompile Include="src\clears.c">
      <Filter>Исходные файлы\cook</Filter>
    </ClCompile>
    <ClCompile Include="src\cmp.c">
      <Filter>Исходные файлы\cook</Filter>
    </ClCompile>
    <ClCompile Include="src\cmp_d.c">
      <Filter>Исходные файлы\cook</Filter>
    </ClCompile>
    <ClCompile Include="src\cmp_ld.c">
      <Filter>Исходные файлы\cook</Filter>
    </ClCompile>
    <ClCompile Include="src\cmp_si.c">
      <Filter>Исходные файлы\cook</Filter>
    </ClCompile>
    <ClCompile Include="src\cmp_ui.c">
      <Filter>Исходные файлы\cook</Filter>
    </ClCompile>
    <ClCompile Include="src\cmp2.c">
      <Filter>Исходные файлы\cook</Filter>
    </ClCompile>
    <ClCompile Include="src\cmpabs.c">
      <Filter>Исходные файлы\cook</Filter>
    </ClCompile>
    <ClCompile Include="src\cmpabs_ui.c">
      <Filter>Исходные файлы\cook</Filter>
    </ClCompile>
    <ClCompile Include="src\comparisons.c">
      <Filter>Исходные файлы\cook</Filter>
    </ClCompile>
    <ClCompile Include="src\compound.c">
      <Filter>Исходные файлы\cook</Filter>
    </ClCompile>
    <ClCompile Include="src\const_catalan.c">
      <Filter>Исходные файлы\cook</Filter>
    </ClCompile>
    <ClCompile Include="src\const_euler.c">
      <Filter>Исходные файлы\cook</Filter>
    </ClCompile>
    <ClCompile Include="src\const_log2.c">
      <Filter>Исходные файлы\cook</Filter>
    </ClCompile>
    <ClCompile Include="src\const_pi.c">
      <Filter>Исходные файлы\cook</Filter>
    </ClCompile>
    <ClCompile Include="src\constant.c">
      <Filter>Исходные файлы\cook</Filter>
    </ClCompile>
    <ClCompile Include="src\copysign.c">
      <Filter>Исходные файлы\cook</Filter>
    </ClCompile>
    <ClCompile Include="src\cos.c">
      <Filter>Исходные файлы\cook</Filter>
    </ClCompile>
    <ClCompile Include="src\cosh.c">
      <Filter>Исходные файлы\cook</Filter>
    </ClCompile>
    <ClCompile Include="src\cosu.c">
      <Filter>Исходные файлы\cook</Filter>
    </ClCompile>
    <ClCompile Include="src\cot.c">
      <Filter>Исходные файлы\cook</Filter>
    </ClCompile>
    <ClCompile Include="src\coth.c">
      <Filter>Исходные файлы\cook</Filter>
    </ClCompile>
    <ClCompile Include="src\csc.c">
      <Filter>Исходные файлы\cook</Filter>
    </ClCompile>
    <ClCompile Include="src\csch.c">
      <Filter>Исходные файлы\cook</Filter>
    </ClCompile>
    <ClCompile Include="src\d_div.c">
      <Filter>Исходные файлы\cook</Filter>
    </ClCompile>
    <ClCompile Include="src\d_sub.c">
      <Filter>Исходные файлы\cook</Filter>
    </ClCompile>
    <ClCompile Include="src\digamma.c">
      <Filter>Исходные файлы\cook</Filter>
    </ClCompile>
    <ClCompile Include="src\dim.c">
      <Filter>Исходные файлы\cook</Filter>
    </ClCompile>
    <ClCompile Include="src\div.c">
      <Filter>Исходные файлы\cook</Filter>
    </ClCompile>
    <ClCompile Include="src\div_2exp.c">
      <Filter>Исходные файлы\cook</Filter>
    </ClCompile>
    <ClCompile Include="src\div_2si.c">
      <Filter>Исходные файлы\cook</Filter>
    </ClCompile>
    <ClCompile Include="src\div_2ui.c">
      <Filter>Исходные файлы\cook</Filter>
    </ClCompile>
    <ClCompile Include="src\div_d.c">
      <Filter>Исходные файлы\cook</Filter>
    </ClCompile>
    <ClCompile Include="src\div_ui.c">
      <Filter>Исходные файлы\cook</Filter>
    </ClCompile>
    <ClCompile Include="src\dot.c">
      <Filter>Исходные файлы\cook</Filter>
    </ClCompile>
    <ClCompile Include="src\dump.c">
      <Filter>Исходные файлы\cook</Filter>
    </ClCompile>
    <ClCompile Include="src\eint.c">
      <Filter>Исходные файлы\cook</Filter>
    </ClCompile>
    <ClCompile Include="src\eq.c">
      <Filter>Исходные файлы\cook</Filter>
    </ClCompile>
    <ClCompile Include="src\erandom.c">
      <Filter>Исходные файлы\cook</Filter>
    </ClCompile>
    <ClCompile Include="src\erf.c">
      <Filter>Исходные файлы\cook</Filter>
    </ClCompile>
    <ClCompile Include="src\erfc.c">
      <Filter>Исходные файлы\cook</Filter>
    </ClCompile>
    <ClCompile Include="src\exceptions.c">
      <Filter>Исходные файлы\cook</Filter>
    </ClCompile>
    <ClCompile Include="src\exp.c">
      <Filter>Исходные файлы\cook</Filter>
    </ClCompile>
    <ClCompile Include="src\exp_2.c">
      <Filter>Исходные файлы\cook</Filter>
    </ClCompile>
    <ClCompile Include="src\exp2.c">
      <Filter>Исходные файлы\cook</Filter>
    </ClCompile>
    <ClCompile Include="src\exp2m1.c">
      <Filter>Исходные файлы\cook</Filter>
    </ClCompile>
    <ClCompile Include="src\exp3.c">
      <Filter>Исходные файлы\cook</Filter>
    </ClCompile>
    <ClCompile Include="src\exp10.c">
      <Filter>Исходные файлы\cook</Filter>
    </ClCompile>
    <ClCompile Include="src\exp10m1.c">
      <Filter>Исходные файлы\cook</Filter>
    </ClCompile>
    <ClCompile Include="src\expm1.c">
      <Filter>Исходные файлы\cook</Filter>
    </ClCompile>
    <ClCompile Include="src\factorial.c">
      <Filter>Исходные файлы\cook</Filter>
    </ClCompile>
    <ClCompile Include="src\fits_intmax.c">
      <Filter>Исходные файлы\cook</Filter>
    </ClCompile>
    <ClCompile Include="src\fits_sint.c">
      <Filter>Исходные файлы\cook</Filter>
    </ClCompile>
    <ClCompile Include="src\fits_slong.c">
      <Filter>Исходные файлы\cook</Filter>
    </ClCompile>
    <ClCompile Include="src\fits_sshort.c">
      <Filter>Исходные файлы\cook</Filter>
    </ClCompile>
    <ClCompile Include="src\fits_uint.c">
      <Filter>Исходные файлы\cook</Filter>
    </ClCompile>
    <ClCompile Include="src\fits_uintmax.c">
      <Filter>Исходные файлы\cook</Filter>
    </ClCompile>
    <ClCompile Include="src\fits_ulong.c">
      <Filter>Исходные файлы\cook</Filter>
    </ClCompile>
    <ClCompile Include="src\fits_ushort.c">
      <Filter>Исходные файлы\cook</Filter>
    </ClCompile>
    <ClCompile Include="src\fma.c">
      <Filter>Исходные файлы\cook</Filter>
    </ClCompile>
    <ClCompile Include="src\fmma.c">
      <Filter>Исходные файлы\cook</Filter>
    </ClCompile>
    <ClCompile Include="src\fmod_ui.c">
      <Filter>Исходные файлы\cook</Filter>
    </ClCompile>
    <ClCompile Include="src\fms.c">
      <Filter>Исходные файлы\cook</Filter>
    </ClCompile>
    <ClCompile Include="src\fpif.c">
      <Filter>Исходные файлы\cook</Filter>
    </ClCompile>
    <ClCompile Include="src\frac.c">
      <Filter>Исходные файлы\cook</Filter>
    </ClCompile>
    <ClCompile Include="src\free_cache.c">
      <Filter>Исходные файлы\cook</Filter>
    </ClCompile>
    <ClCompile Include="src\gamma.c">
      <Filter>Исходные файлы\cook</Filter>
    </ClCompile>
    <ClCompile Include="src\gamma_inc.c">
      <Filter>Исходные файлы\cook</Filter>
    </ClCompile>
    <ClCompile Include="src\gammaonethird.c">
      <Filter>Исходные файлы\cook</Filter>
    </ClCompile>
    <ClCompile Include="src\get_d.c">
      <Filter>Исходные файлы\cook</Filter>
    </ClCompile>
    <ClCompile Include="src\get_d64.c">
      <Filter>Исходные файлы\cook</Filter>
    </ClCompile>
    <ClCompile Include="src\get_d128.c">
      <Filter>Исходные файлы\cook</Filter>
    </ClCompile>
    <ClCompile Include="src\get_exp.c">
      <Filter>Исходные файлы\cook</Filter>
    </ClCompile>
    <ClCompile Include="src\get_f.c">
      <Filter>Исходные файлы\cook</Filter>
    </ClCompile>
    <ClCompile Include="src\get_float128.c">
      <Filter>Исходные файлы\cook</Filter>
    </ClCompile>
    <ClCompile Include="src\get_flt.c">
      <Filter>Исходные файлы\cook</Filter>
    </ClCompile>
    <ClCompile Include="src\get_ld.c">
      <Filter>Исходные файлы\cook</Filter>
    </ClCompile>
    <ClCompile Include="src\get_q.c">
      <Filter>Исходные файлы\cook</Filter>
    </ClCompile>
    <ClCompile Include="src\get_si.c">
      <Filter>Исходные файлы\cook</Filter>
    </ClCompile>
    <ClCompile Include="src\get_sj.c">
      <Filter>Исходные файлы\cook</Filter>
    </ClCompile>
    <ClCompile Include="src\get_str.c">
      <Filter>Исходные файлы\cook</Filter>
    </ClCompile>
    <ClCompile Include="src\get_ui.c">
      <Filter>Исходные файлы\cook</Filter>
    </ClCompile>
    <ClCompile Include="src\get_uj.c">
      <Filter>Исходные файлы\cook</Filter>
    </ClCompile>
    <ClCompile Include="src\get_z.c">
      <Filter>Исходные файлы\cook</Filter>
    </ClCompile>
    <ClCompile Include="src\get_z_2exp.c">
      <Filter>Исходные файлы\cook</Filter>
    </ClCompile>
    <ClCompile Include="src\gmp_op.c">
      <Filter>Исходные файлы\cook</Filter>
    </ClCompile>
    <ClCompile Include="src\grandom.c">
      <Filter>Исходные файлы\cook</Filter>
    </ClCompile>
    <ClCompile Include="src\hypot.c">
      <Filter>Исходные файлы\cook</Filter>
    </ClCompile>
    <ClCompile Include="src\init.c">
      <Filter>Исходные файлы\cook</Filter>
    </ClCompile>
    <ClCompile Include="src\init2.c">
      <Filter>Исходные файлы\cook</Filter>
    </ClCompile>
    <ClCompile Include="src\inits.c">
      <Filter>Исходные файлы\cook</Filter>
    </ClCompile>
    <ClCompile Include="src\inits2.c">
      <Filter>Исходные файлы\cook</Filter>
    </ClCompile>
    <ClCompile Include="src\inp_str.c">
      <Filter>Исходные файлы\cook</Filter>
    </ClCompile>
    <ClCompile Include="src\int_ceil_log2.c">
      <Filter>Исходные файлы\cook</Filter>
    </ClCompile>
    <ClCompile Include="src\zeta_ui.c">
      <Filter>Исходные файлы\cook</Filter>
    </ClCompile>
    <ClCompile Include="src\vasprintf.c">
      <Filter>Исходные файлы\cook</Filter>
    </ClCompile>
    <ClCompile Include="src\version.c">
      <Filter>Исходные файлы\cook</Filter>
    </ClCompile>
    <ClCompile Include="src\volatile.c">
      <Filter>Исходные файлы\cook</Filter>
    </ClCompile>
    <ClCompile Include="src\yn.c">
      <Filter>Исходные файлы\cook</Filter>
    </ClCompile>
    <ClCompile Include="src\zeta.c">
      <Filter>Исходные файлы\cook</Filter>
    </ClCompile>
    <ClCompile Include="src\urandomb.c">
      <Filter>Исходные файлы\cook</Filter>
    </ClCompile>
    <ClCompile Include="src\pool.c">
      <Filter>Исходные файлы\cook</Filter>
    </ClCompile>
    <ClCompile Include="src\pow.c">
      <Filter>Исходные файлы\cook</Filter>
    </ClCompile>
    <ClCompile Include="src\pow_si.c">
      <Filter>Исходные файлы\cook</Filter>
    </ClCompile>
    <ClCompile Include="src\pow_sj.c">
      <Filter>Исходные файлы\cook</Filter>
    </ClCompile>
    <ClCompile Include="src\pow_ui.c">
      <Filter>Исходные файлы\cook</Filter>
    </ClCompile>
    <ClCompile Include="src\pow_uj.c">
      <Filter>Исходные файлы\cook</Filter>
    </ClCompile>
    <ClCompile Include="src\pow_z.c">
      <Filter>Исходные файлы\cook</Filter>
    </ClCompile>
    <ClCompile Include="src\powerof2.c">
      <Filter>Исходные файлы\cook</Filter>
    </ClCompile>
    <ClCompile Include="src\powr.c">
      <Filter>Исходные файлы\cook</Filter>
    </ClCompile>
    <ClCompile Include="src\print_raw.c">
      <Filter>Исходные файлы\cook</Filter>
    </ClCompile>
    <ClCompile Include="src\print_rnd_mode.c">
      <Filter>Исходные файлы\cook</Filter>
    </ClCompile>
    <ClCompile Include="src\printf.c">
      <Filter>Исходные файлы\cook</Filter>
    </ClCompile>
    <ClCompile Include="src\random_deviate.c">
      <Filter>Исходные файлы\cook</Filter>
    </ClCompile>
    <ClCompile Include="src\rec_sqrt.c">
      <Filter>Исходные файлы\cook</Filter>
    </ClCompile>
    <ClCompile Include="src\reldiff.c">
      <Filter>Исходные файлы\cook</Filter>
    </ClCompile>
    <ClCompile Include="src\rem1.c">
      <Filter>Исходные файлы\cook</Filter>
    </ClCompile>
    <ClCompile Include="src\rint.c">
      <Filter>Исходные файлы\cook</Filter>
    </ClCompile>
    <ClCompile Include="src\rndna.c">
      <Filter>Исходные файлы\cook</Filter>
    </ClCompile>
    <ClCompile Include="src\root.c">
      <Filter>Исходные файлы\cook</Filter>
    </ClCompile>
    <ClCompile Include="src\round_near_x.c">
      <Filter>Исходные файлы\cook</Filter>
    </ClCompile>
    <ClCompile Include="src\round_p.c">
      <Filter>Исходные файлы\cook</Filter>
    </ClCompile>
    <ClCompile Include="src\round_prec.c">
      <Filter>Исходные файлы\cook</Filter>
    </ClCompile>
    <ClCompile Include="src\round_raw_generic.c">
      <Filter>Исходные файлы\cook</Filter>
    </ClCompile>
    <ClCompile Include="src\scale2.c">
      <Filter>Исходные файлы\cook</Filter>
    </ClCompile>
    <ClCompile Include="src\sec.c">
      <Filter>Исходные файлы\cook</Filter>
    </ClCompile>
    <ClCompile Include="src\sech.c">
      <Filter>Исходные файлы\cook</Filter>
    </ClCompile>
    <ClCompile Include="src\set.c">
      <Filter>Исходные файлы\cook</Filter>
    </ClCompile>
    <ClCompile Include="src\set_d.c">
      <Filter>Исходные файлы\cook</Filter>
    </ClCompile>
    <ClCompile Include="src\set_d64.c">
      <Filter>Исходные файлы\cook</Filter>
    </ClCompile>
    <ClCompile Include="src\set_d128.c">
      <Filter>Исходные файлы\cook</Filter>
    </ClCompile>
    <ClCompile Include="src\set_dfl_prec.c">
      <Filter>Исходные файлы\cook</Filter>
    </ClCompile>
    <ClCompile Include="src\set_exp.c">
      <Filter>Исходные файлы\cook</Filter>
    </ClCompile>
    <ClCompile Include="src\set_f.c">
      <Filter>Исходные файлы\cook</Filter>
    </ClCompile>
    <ClCompile Include="src\set_float128.c">
      <Filter>Исходные файлы\cook</Filter>
    </ClCompile>
    <ClCompile Include="src\set_flt.c">
      <Filter>Исходные файлы\cook</Filter>
    </ClCompile>
    <ClCompile Include="src\set_inf.c">
      <Filter>Исходные файлы\cook</Filter>
    </ClCompile>
    <ClCompile Include="src\set_ld.c">
      <Filter>Исходные файлы\cook</Filter>
    </ClCompile>
    <ClCompile Include="src\set_nan.c">
      <Filter>Исходные файлы\cook</Filter>
    </ClCompile>
    <ClCompile Include="src\set_prc_raw.c">
      <Filter>Исходные файлы\cook</Filter>
    </ClCompile>
    <ClCompile Include="src\set_prec.c">
      <Filter>Исходные файлы\cook</Filter>
    </ClCompile>
    <ClCompile Include="src\set_q.c">
      <Filter>Исходные файлы\cook</Filter>
    </ClCompile>
    <ClCompile Include="src\set_rnd.c">
      <Filter>Исходные файлы\cook</Filter>
    </ClCompile>
    <ClCompile Include="src\set_si.c">
      <Filter>Исходные файлы\cook</Filter>
    </ClCompile>
    <ClCompile Include="src\set_si_2exp.c">
      <Filter>Исходные файлы\cook</Filter>
    </ClCompile>
    <ClCompile Include="src\set_sj.c">
      <Filter>Исходные файлы\cook</Filter>
    </ClCompile>
    <ClCompile Include="src\set_str.c">
      <Filter>Исходные файлы\cook</Filter>
    </ClCompile>
    <ClCompile Include="src\set_str_raw.c">
      <Filter>Исходные файлы\cook</Filter>
    </ClCompile>
    <ClCompile Include="src\set_ui.c">
      <Filter>Исходные файлы\cook</Filter>
    </ClCompile>
    <ClCompile Include="src\set_ui_2exp.c">
      <Filter>Исходные файлы\cook</Filter>
    </ClCompile>
    <ClCompile Include="src\set_uj.c">
      <Filter>Исходные файлы\cook</Filter>
    </ClCompile>
    <ClCompile Include="src\set_z.c">
      <Filter>Исходные файлы\cook</Filter>
    </ClCompile>
    <ClCompile Include="src\set_z_2exp.c">
      <Filter>Исходные файлы\cook</Filter>
    </ClCompile>
    <ClCompile Include="src\set_zero.c">
      <Filter>Исходные файлы\cook</Filter>
    </ClCompile>
    <ClCompile Include="src\setmax.c">
      <Filter>Исходные файлы\cook</Filter>
    </ClCompile>
    <ClCompile Include="src\setmin.c">
      <Filter>Исходные файлы\cook</Filter>
    </ClCompile>
    <ClCompile Include="src\setsign.c">
      <Filter>Исходные файлы\cook</Filter>
    </ClCompile>
    <ClCompile Include="src\sgn.c">
      <Filter>Исходные файлы\cook</Filter>
    </ClCompile>
    <ClCompile Include="src\si_op.c">
      <Filter>Исходные файлы\cook</Filter>
    </ClCompile>
    <ClCompile Include="src\signbit.c">
      <Filter>Исходные файлы\cook</Filter>
    </ClCompile>
    <ClCompile Include="src\sin.c">
      <Filter>Исходные файлы\cook</Filter>
    </ClCompile>
    <ClCompile Include="src\sin_cos.c">
      <Filter>Исходные файлы\cook</Filter>
    </ClCompile>
    <ClCompile Include="src\sinh.c">
      <Filter>Исходные файлы\cook</Filter>
    </ClCompile>
    <ClCompile Include="src\sinh_cosh.c">
      <Filter>Исходные файлы\cook</Filter>
    </ClCompile>
    <ClCompile Include="src\sinu.c">
      <Filter>Исходные файлы\cook</Filter>
    </ClCompile>
    <ClCompile Include="src\sqr.c">
      <Filter>Исходные файлы\cook</Filter>
    </ClCompile>
    <ClCompile Include="src\sqrt.c">
      <Filter>Исходные файлы\cook</Filter>
    </ClCompile>
    <ClCompile Include="src\sqrt_ui.c">
      <Filter>Исходные файлы\cook</Filter>
    </ClCompile>
    <ClCompile Include="src\stack_interface.c">
      <Filter>Исходные файлы\cook</Filter>
    </ClCompile>
    <ClCompile Include="src\strtofr.c">
      <Filter>Исходные файлы\cook</Filter>
    </ClCompile>
    <ClCompile Include="src\sub.c">
      <Filter>Исходные файлы\cook</Filter>
    </ClCompile>
    <ClCompile Include="src\sub_d.c">
      <Filter>Исходные файлы\cook</Filter>
    </ClCompile>
    <ClCompile Include="src\sub_ui.c">
      <Filter>Исходные файлы\cook</Filter>
    </ClCompile>
    <ClCompile Include="src\sub1.c">
      <Filter>Исходные файлы\cook</Filter>
    </ClCompile>
    <ClCompile Include="src\sub1sp.c">
      <Filter>Исходные файлы\cook</Filter>
    </ClCompile>
    <ClCompile Include="src\sub1sp1_extracted.c">
      <Filter>Исходные файлы\cook</Filter>
    </ClCompile>
    <ClCompile Include="src\subnormal.c">
      <Filter>Исходные файлы\cook</Filter>
    </ClCompile>
    <ClCompile Include="src\sum.c">
      <Filter>Исходные файлы\cook</Filter>
    </ClCompile>
    <ClCompile Include="src\swap.c">
      <Filter>Исходные файлы\cook</Filter>
    </ClCompile>
    <ClCompile Include="src\tan.c">
      <Filter>Исходные файлы\cook</Filter>
    </ClCompile>
    <ClCompile Include="src\tanh.c">
      <Filter>Исходные файлы\cook</Filter>
    </ClCompile>
    <ClCompile Include="src\tanu.c">
      <Filter>Исходные файлы\cook</Filter>
    </ClCompile>
    <ClCompile Include="src\total_order.c">
      <Filter>Исходные файлы\cook</Filter>
    </ClCompile>
    <ClCompile Include="src\ubf.c">
      <Filter>Исходные файлы\cook</Filter>
    </ClCompile>
    <ClCompile Include="src\uceil_exp2.c">
      <Filter>Исходные файлы\cook</Filter>
    </ClCompile>
    <ClCompile Include="src\uceil_log2.c">
      <Filter>Исходные файлы\cook</Filter>
    </ClCompile>
    <ClCompile Include="src\ufloor_log2.c">
      <Filter>Исходные файлы\cook</Filter>
    </ClCompile>
    <ClCompile Include="src\ui_div.c">
      <Filter>Исходные файлы\cook</Filter>
    </ClCompile>
    <ClCompile Include="src\ui_pow.c">
      <Filter>Исходные файлы\cook</Filter>
    </ClCompile>
    <ClCompile Include="src\ui_pow_ui.c">
      <Filter>Исходные файлы\cook</Filter>
    </ClCompile>
    <ClCompile Include="src\ui_sub.c">
      <Filter>Исходные файлы\cook</Filter>
    </ClCompile>
    <ClCompile Include="src\urandom.c">
      <Filter>Исходные файлы\cook</Filter>
    </ClCompile>
    <ClCompile Include="src\out_str.c">
      <Filter>Исходные файлы\cook</Filter>
    </ClCompile>
    <ClCompile Include="src\min_prec.c">
      <Filter>Исходные файлы\cook</Filter>
    </ClCompile>
    <ClCompile Include="src\minmax.c">
      <Filter>Исходные файлы\cook</Filter>
    </ClCompile>
    <ClCompile Include="src\modf.c">
      <Filter>Исходные файлы\cook</Filter>
    </ClCompile>
    <ClCompile Include="src\mp_clz_tab.c">
      <Filter>Исходные файлы\cook</Filter>
    </ClCompile>
    <ClCompile Include="src\mpfr-gmp.c">
      <Filter>Исходные файлы\cook</Filter>
    </ClCompile>
    <ClCompile Include="src\mpfr-mini-gmp.c">
      <Filter>Исходные файлы\cook</Filter>
    </ClCompile>
    <ClCompile Include="src\mpn_exp.c">
      <Filter>Исходные файлы\cook</Filter>
    </ClCompile>
    <ClCompile Include="src\mul.c">
      <Filter>Исходные файлы\cook</Filter>
    </ClCompile>
    <ClCompile Include="src\mul_1_extracted.c">
      <Filter>Исходные файлы\cook</Filter>
    </ClCompile>
    <ClCompile Include="src\mul_2exp.c">
      <Filter>Исходные файлы\cook</Filter>
    </ClCompile>
    <ClCompile Include="src\mul_2si.c">
      <Filter>Исходные файлы\cook</Filter>
    </ClCompile>
    <ClCompile Include="src\mul_2ui.c">
      <Filter>Исходные файлы\cook</Filter>
    </ClCompile>
    <ClCompile Include="src\mul_d.c">
      <Filter>Исходные файлы\cook</Filter>
    </ClCompile>
    <ClCompile Include="src\mul_ui.c">
      <Filter>Исходные файлы\cook</Filter>
    </ClCompile>
    <ClCompile Include="src\mulders.c">
      <Filter>Исходные файлы\cook</Filter>
    </ClCompile>
    <ClCompile Include="src\nbits_ulong.c">
      <Filter>Исходные файлы\cook</Filter>
    </ClCompile>
    <ClCompile Include="src\neg.c">
      <Filter>Исходные файлы\cook</Filter>
    </ClCompile>
    <ClCompile Include="src\next.c">
      <Filter>Исходные файлы\cook</Filter>
    </ClCompile>
    <ClCompile Include="src\nrandom.c">
      <Filter>Исходные файлы\cook</Filter>
    </ClCompile>
    <ClCompile Include="src\odd_p.c">
      <Filter>Исходные файлы\cook</Filter>
    </ClCompile>
    <ClCompile Include="src\isinf.c">
      <Filter>Исходные файлы\cook</Filter>
    </ClCompile>
    <ClCompile Include="src\isinteger.c">
      <Filter>Исходные файлы\cook</Filter>
    </ClCompile>
    <ClCompile Include="src\isnan.c">
      <Filter>Исходные файлы\cook</Filter>
    </ClCompile>
    <ClCompile Include="src\isnum.c">
      <Filter>Исходные файлы\cook</Filter>
    </ClCompile>
    <ClCompile Include="src\isqrt.c">
      <Filter>Исходные файлы\cook</Filter>
    </ClCompile>
    <ClCompile Include="src\isregular.c">
      <Filter>Исходные файлы\cook</Filter>
    </ClCompile>
    <ClCompile Include="src\iszero.c">
      <Filter>Исходные файлы\cook</Filter>
    </ClCompile>
    <ClCompile Include="src\jn.c">
      <Filter>Исходные файлы\cook</Filter>
    </ClCompile>
    <ClCompile Include="src\jyn_asympt.c">
      <Filter>Исходные файлы\cook</Filter>
    </ClCompile>
    <ClCompile Include="src\li2.c">
      <Filter>Исходные файлы\cook</Filter>
    </ClCompile>
    <ClCompile Include="src\lngamma.c">
      <Filter>Исходные файлы\cook</Filter>
    </ClCompile>
    <ClCompile Include="src\log.c">
      <Filter>Исходные файлы\cook</Filter>
    </ClCompile>
    <ClCompile Include="src\log_ui.c">
      <Filter>Исходные файлы\cook</Filter>
    </ClCompile>
    <ClCompile Include="src\log1p.c">
      <Filter>Исходные файлы\cook</Filter>
    </ClCompile>
    <ClCompile Include="src\log2.c">
      <Filter>Исходные файлы\cook</Filter>
    </ClCompile>
    <ClCompile Include="src\log2p1.c">
      <Filter>Исходные файлы\cook</Filter>
    </ClCompile>
    <ClCompile Include="src\log10.c">
      <Filter>Исходные файлы\cook</Filter>
    </ClCompile>
    <ClCompile Include="src\log10p1.c">
      <Filter>Исходные файлы\cook</Filter>
    </ClCompile>
    <ClCompile Include="src\logging.c">
      <Filter>Исходные файлы\cook</Filter>
    </ClCompile>
  </ItemGroup>
  <ItemGroup>
    <Text Include="CMakeLists.txt" />
  </ItemGroup>
  <ItemGroup>
    <None Include="setup.py" />
    <None Include="src\.gitignore">
      <Filter>Исходные файлы\cook</Filter>
    </None>
    <None Include="src\mparam_h.in">
      <Filter>Исходные файлы\cook</Filter>
    </None>
    <None Include="src\Makefile.am">
      <Filter>Исходные файлы\cook</Filter>
    </None>
  </ItemGroup>
  <ItemGroup>
    <ClInclude Include="interpol.h">
      <Filter>Файлы заголовков</Filter>
    </ClInclude>
    <ClInclude Include="parser.h">
      <Filter>Файлы заголовков</Filter>
    </ClInclude>
    <ClInclude Include="harmonic.h">
      <Filter>Исходные файлы\matan</Filter>
    </ClInclude>
    <ClInclude Include="vector.h">
      <Filter>Исходные файлы\object</Filter>
    </ClInclude>
    <ClInclude Include="func.h">
      <Filter>Исходные файлы</Filter>
    </ClInclude>
    <ClInclude Include="avx_support.h">
      <Filter>Исходные файлы\object</Filter>
    </ClInclude>
    <ClInclude Include="filter.h">
      <Filter>Исходные файлы\signal</Filter>
    </ClInclude>
    <ClInclude Include="per.h">
      <Filter>Исходные файлы\object</Filter>
    </ClInclude>
    <ClInclude Include="ni.h">
      <Filter>Исходные файлы\object</Filter>
    </ClInclude>
    <ClInclude Include="nf.h">
      <Filter>Исходные файлы\object</Filter>
    </ClInclude>
    <ClInclude Include="nui.h">
      <Filter>Исходные файлы\object</Filter>
    </ClInclude>
    <ClInclude Include="src\fits_s.h">
      <Filter>Исходные файлы\cook</Filter>
    </ClInclude>
    <ClInclude Include="src\fits_u.h">
      <Filter>Исходные файлы\cook</Filter>
    </ClInclude>
    <ClInclude Include="src\gen_inverse.h">
      <Filter>Исходные файлы\cook</Filter>
    </ClInclude>
    <ClInclude Include="src\ieee_floats.h">
      <Filter>Исходные файлы\cook</Filter>
    </ClInclude>
    <ClInclude Include="src\random_deviate.h">
      <Filter>Исходные файлы\cook</Filter>
    </ClInclude>
    <ClInclude Include="src\mpf2mpfr.h">
      <Filter>Исходные файлы\cook</Filter>
    </ClInclude>
    <ClInclude Include="src\mpfr.h">
      <Filter>Исходные файлы\cook</Filter>
    </ClInclude>
    <ClInclude Include="src\mpfr-cvers.h">
      <Filter>Исходные файлы\cook</Filter>
    </ClInclude>
    <ClInclude Include="src\mpfr-gmp.h">
      <Filter>Исходные файлы\cook</Filter>
    </ClInclude>
    <ClInclude Include="src\mpfr-impl.h">
      <Filter>Исходные файлы\cook</Filter>
    </ClInclude>
    <ClInclude Include="src\mpfr-intmax.h">
      <Filter>Исходные файлы\cook</Filter>
    </ClInclude>
    <ClInclude Include="src\mpfr-longlong.h">
      <Filter>Исходные файлы\cook</Filter>
    </ClInclude>
    <ClInclude Include="src\mpfr-mini-gmp.h">
      <Filter>Исходные файлы\cook</Filter>
    </ClInclude>
    <ClInclude Include="src\mpfr-sassert.h">
      <Filter>Исходные файлы\cook</Filter>
    </ClInclude>
    <ClInclude Include="src\mpfr-thread.h">
      <Filter>Исходные файлы\cook</Filter>
    </ClInclude>
    <ClInclude Include="src\invert_limb.h">
      <Filter>Исходные файлы\cook</Filter>
    </ClInclude>
    <ClInclude Include="src\invsqrt_limb.h">
      <Filter>Исходные файлы\cook</Filter>
    </ClInclude>
  </ItemGroup>
</Project>